
Microsoft Visual Studio Solution File, Format Version 12.00
# Visual Studio 15
VisualStudioVersion = 15.0.27428.2043
MinimumVisualStudioVersion = 10.0.40219.1
Project("{FAE04EC0-301F-11D3-BF4B-00C04F79EFBC}") = "Emgu-Csharp", "Emgu-Csharp\Emgu-Csharp.csproj", "{2AD9F390-2D7F-4F16-B41D-C52F6D161FC8}"
EndProject
Global
	GlobalSection(SolutionConfigurationPlatforms) = preSolution
		Debug|Any CPU = Debug|Any CPU
		Release|Any CPU = Release|Any CPU
	EndGlobalSection
	GlobalSection(ProjectConfigurationPlatforms) = postSolution
		{2AD9F390-2D7F-4F16-B41D-C52F6D161FC8}.Debug|Any CPU.ActiveCfg = Debug|Any CPU
		{2AD9F390-2D7F-4F16-B41D-C52F6D161FC8}.Debug|Any CPU.Build.0 = Debug|Any CPU
		{2AD9F390-2D7F-4F16-B41D-C52F6D161FC8}.Release|Any CPU.ActiveCfg = Release|Any CPU
		{2AD9F390-2D7F-4F16-B41D-C52F6D161FC8}.Release|Any CPU.Build.0 = Release|Any CPU
	EndGlobalSection
	GlobalSection(SolutionProperties) = preSolution
		HideSolutionNode = FALSE
	EndGlobalSection
	GlobalSection(ExtensibilityGlobals) = postSolution
		SolutionGuid = {184E0B0E-3747-4321-AB26-1183B9E0BA5C}
	EndGlobalSection
EndGlobal
